
Microsoft Visual Studio Solution File, Format Version 12.00
# Visual Studio 2013
VisualStudioVersion = 12.0.31101.0
MinimumVisualStudioVersion = 10.0.40219.1
Project("{FAE04EC0-301F-11D3-BF4B-00C04F79EFBC}") = "LucentDb.Domain.Entities", "LucentDb.Domain.Entities\LucentDb.Domain.Entities.csproj", "{4ADCF3CB-049F-4BE2-B421-7875DC51301B}"
EndProject
Project("{F184B08F-C81C-45F6-A57F-5ABD9991F28F}") = "LucentDb.Data", "LucentDb.Data\LucentDb.Data.vbproj", "{97E07AB1-AADD-4A17-BD14-1D876CCAB30A}"
EndProject
Project("{F184B08F-C81C-45F6-A57F-5ABD9991F28F}") = "LucentDb.Data.Repository", "LucentDb.Data.Repository\LucentDb.Data.Repository.vbproj", "{A0C74624-564B-4B23-A21C-CA3EAD34187F}"
EndProject
Project("{F184B08F-C81C-45F6-A57F-5ABD9991F28F}") = "LucentDb.Data.SqlClient", "LucentDb.Data.SQLClient\LucentDb.Data.SqlClient.vbproj", "{46C3E43A-B955-4F85-BE09-E06E7B0C45E9}"
EndProject
Project("{FAE04EC0-301F-11D3-BF4B-00C04F79EFBC}") = "LucentDb.Web.UI", "LucentDb.Web.UI\LucentDb.Web.UI.csproj", "{BC29D6C8-6E2C-4428-A270-E6874298762A}"
EndProject
Project("{FAE04EC0-301F-11D3-BF4B-00C04F79EFBC}") = "LucentDb.Web", "LucentDb.Web\LucentDb.Web.csproj", "{ECF69A55-449E-47D1-B28C-FC9B2694FEBC}"
EndProject
Project("{2150E333-8FDC-42A3-9474-1A3956D46DE8}") = "Database", "Database", "{22841F96-4427-49D9-B5F0-071D47B0A4AE}"
EndProject
Project("{2150E333-8FDC-42A3-9474-1A3956D46DE8}") = "Scripts", "Scripts", "{E88BB337-C77B-4357-A32A-BBA75D078C2D}"
	ProjectSection(SolutionItems) = preProject
		LucentDb_StoredProcedures.sql = LucentDb_StoredProcedures.sql
	EndProjectSection
EndProject
Project("{2150E333-8FDC-42A3-9474-1A3956D46DE8}") = "Source", "Source", "{5A0A37CF-CF62-4E78-9699-D132E7AC54F5}"
EndProject
Project("{2150E333-8FDC-42A3-9474-1A3956D46DE8}") = "Documents", "Documents", "{83F69FB1-16A9-4F16-9AAA-4243F72A08EE}"
	ProjectSection(SolutionItems) = preProject
		README.md = README.md
	EndProjectSection
EndProject
Project("{2150E333-8FDC-42A3-9474-1A3956D46DE8}") = "Core", "Core", "{2FBCD085-5BD3-402F-B07B-D96D7F04072D}"
EndProject
Project("{2150E333-8FDC-42A3-9474-1A3956D46DE8}") = "Infrastructure", "Infrastructure", "{8871AB07-09F2-4ACC-9360-E4F4B6BF9F06}"
EndProject
Project("{2150E333-8FDC-42A3-9474-1A3956D46DE8}") = "Test", "Test", "{BD10736B-F479-4DBE-9BEB-F60ADF83EE65}"
EndProject
Project("{2150E333-8FDC-42A3-9474-1A3956D46DE8}") = "UI", "UI", "{BBC47428-F02A-4E6A-BF8E-E3F81448923F}"
EndProject
Project("{2150E333-8FDC-42A3-9474-1A3956D46DE8}") = ".nuget", ".nuget", "{DCFC4074-984B-49FE-BA56-23100F2931D8}"
	ProjectSection(SolutionItems) = preProject
		.nuget\NuGet.Config = .nuget\NuGet.Config
		.nuget\NuGet.exe = .nuget\NuGet.exe
		.nuget\NuGet.targets = .nuget\NuGet.targets
	EndProjectSection
EndProject
Project("{FAE04EC0-301F-11D3-BF4B-00C04F79EFBC}") = "LucentDb.Domain.Entities.Extensions", "LucentDb.Domain.Entities.Extensions\LucentDb.Domain.Entities.Extensions.csproj", "{5DD5E69B-33E9-4684-B441-4C54756167FA}"
EndProject
Global
	GlobalSection(SolutionConfigurationPlatforms) = preSolution
		Debug|Any CPU = Debug|Any CPU
		Release|Any CPU = Release|Any CPU
	EndGlobalSection
	GlobalSection(ProjectConfigurationPlatforms) = postSolution
		{4ADCF3CB-049F-4BE2-B421-7875DC51301B}.Debug|Any CPU.ActiveCfg = Debug|Any CPU
		{4ADCF3CB-049F-4BE2-B421-7875DC51301B}.Debug|Any CPU.Build.0 = Debug|Any CPU
		{4ADCF3CB-049F-4BE2-B421-7875DC51301B}.Release|Any CPU.ActiveCfg = Release|Any CPU
		{4ADCF3CB-049F-4BE2-B421-7875DC51301B}.Release|Any CPU.Build.0 = Release|Any CPU
		{97E07AB1-AADD-4A17-BD14-1D876CCAB30A}.Debug|Any CPU.ActiveCfg = Debug|Any CPU
		{97E07AB1-AADD-4A17-BD14-1D876CCAB30A}.Debug|Any CPU.Build.0 = Debug|Any CPU
		{97E07AB1-AADD-4A17-BD14-1D876CCAB30A}.Release|Any CPU.ActiveCfg = Release|Any CPU
		{97E07AB1-AADD-4A17-BD14-1D876CCAB30A}.Release|Any CPU.Build.0 = Release|Any CPU
		{A0C74624-564B-4B23-A21C-CA3EAD34187F}.Debug|Any CPU.ActiveCfg = Debug|Any CPU
		{A0C74624-564B-4B23-A21C-CA3EAD34187F}.Debug|Any CPU.Build.0 = Debug|Any CPU
		{A0C74624-564B-4B23-A21C-CA3EAD34187F}.Release|Any CPU.ActiveCfg = Release|Any CPU
		{A0C74624-564B-4B23-A21C-CA3EAD34187F}.Release|Any CPU.Build.0 = Release|Any CPU
		{46C3E43A-B955-4F85-BE09-E06E7B0C45E9}.Debug|Any CPU.ActiveCfg = Debug|Any CPU
		{46C3E43A-B955-4F85-BE09-E06E7B0C45E9}.Debug|Any CPU.Build.0 = Debug|Any CPU
		{46C3E43A-B955-4F85-BE09-E06E7B0C45E9}.Release|Any CPU.ActiveCfg = Release|Any CPU
		{46C3E43A-B955-4F85-BE09-E06E7B0C45E9}.Release|Any CPU.Build.0 = Release|Any CPU
		{BC29D6C8-6E2C-4428-A270-E6874298762A}.Debug|Any CPU.ActiveCfg = Debug|Any CPU
		{BC29D6C8-6E2C-4428-A270-E6874298762A}.Debug|Any CPU.Build.0 = Debug|Any CPU
		{BC29D6C8-6E2C-4428-A270-E6874298762A}.Release|Any CPU.ActiveCfg = Release|Any CPU
		{BC29D6C8-6E2C-4428-A270-E6874298762A}.Release|Any CPU.Build.0 = Release|Any CPU
		{ECF69A55-449E-47D1-B28C-FC9B2694FEBC}.Debug|Any CPU.ActiveCfg = Debug|Any CPU
		{ECF69A55-449E-47D1-B28C-FC9B2694FEBC}.Debug|Any CPU.Build.0 = Debug|Any CPU
		{ECF69A55-449E-47D1-B28C-FC9B2694FEBC}.Release|Any CPU.ActiveCfg = Release|Any CPU
		{ECF69A55-449E-47D1-B28C-FC9B2694FEBC}.Release|Any CPU.Build.0 = Release|Any CPU
		{5DD5E69B-33E9-4684-B441-4C54756167FA}.Debug|Any CPU.ActiveCfg = Debug|Any CPU
		{5DD5E69B-33E9-4684-B441-4C54756167FA}.Debug|Any CPU.Build.0 = Debug|Any CPU
		{5DD5E69B-33E9-4684-B441-4C54756167FA}.Release|Any CPU.ActiveCfg = Release|Any CPU
		{5DD5E69B-33E9-4684-B441-4C54756167FA}.Release|Any CPU.Build.0 = Release|Any CPU
	EndGlobalSection
	GlobalSection(SolutionProperties) = preSolution
		HideSolutionNode = FALSE
	EndGlobalSection
	GlobalSection(NestedProjects) = preSolution
		{4ADCF3CB-049F-4BE2-B421-7875DC51301B} = {8871AB07-09F2-4ACC-9360-E4F4B6BF9F06}
		{97E07AB1-AADD-4A17-BD14-1D876CCAB30A} = {2FBCD085-5BD3-402F-B07B-D96D7F04072D}
		{A0C74624-564B-4B23-A21C-CA3EAD34187F} = {2FBCD085-5BD3-402F-B07B-D96D7F04072D}
		{46C3E43A-B955-4F85-BE09-E06E7B0C45E9} = {8871AB07-09F2-4ACC-9360-E4F4B6BF9F06}
		{BC29D6C8-6E2C-4428-A270-E6874298762A} = {BBC47428-F02A-4E6A-BF8E-E3F81448923F}
		{ECF69A55-449E-47D1-B28C-FC9B2694FEBC} = {2FBCD085-5BD3-402F-B07B-D96D7F04072D}
		{E88BB337-C77B-4357-A32A-BBA75D078C2D} = {22841F96-4427-49D9-B5F0-071D47B0A4AE}
		{2FBCD085-5BD3-402F-B07B-D96D7F04072D} = {5A0A37CF-CF62-4E78-9699-D132E7AC54F5}
		{8871AB07-09F2-4ACC-9360-E4F4B6BF9F06} = {5A0A37CF-CF62-4E78-9699-D132E7AC54F5}
		{BD10736B-F479-4DBE-9BEB-F60ADF83EE65} = {5A0A37CF-CF62-4E78-9699-D132E7AC54F5}
		{BBC47428-F02A-4E6A-BF8E-E3F81448923F} = {5A0A37CF-CF62-4E78-9699-D132E7AC54F5}
		{5DD5E69B-33E9-4684-B441-4C54756167FA} = {8871AB07-09F2-4ACC-9360-E4F4B6BF9F06}
	EndGlobalSection
EndGlobal
